{
    "_meta": {
        "hash": {
            "sha256": "9b27b9a7b5322a1aadbde8264456c38dc75e7d13b4deaa455de9acb5a09a2d6c"
        },
        "pipfile-spec": 6,
        "requires": {
            "python_version": "3.10"
        },
        "sources": [
            {
                "name": "pypi",
                "url": "https://pypi.org/simple",
                "verify_ssl": true
            }
        ]
    },
    "default": {
        "aiofile": {
            "hashes": [
                "sha256:0aefa1d91d000d3a20a515d153db2ebf713076c7c94edf2fca85d3d83316abc5",
                "sha256:0e2a524e4714efda47ce8964b13d4da94cf553411f9f6da813df615a4cd73d95"
            ],
            "index": "pypi",
            "version": "==3.7.4"
        },
        "autoprop": {
            "hashes": [
                "sha256:22d3efafad5e696bbae940d741d964eca3aea6363154d37e235fdd74137ed205",
                "sha256:834295ab65c7af54f76c682440e71c9dbbe67aef04c0f1eeaf9e3b2a180d1d58"
            ],
            "markers": "python_version ~= '3.6'",
            "version": "==4.0.2"
        },
        "caio": {
            "hashes": [
                "sha256:2e46b0c008b8baadcac9c8acc66aa1fff58acae779a8a81479795a499f3a6a40",
                "sha256:46f649cbd68c6762e0a2d6fc1ab69ab9b06ddcdaab52241514b8c7cce48be08a",
                "sha256:4c10054e6bc19e619033bb6f6ef8000b334596f0a947de91462513e5f54054db",
                "sha256:7331c49c6d9036a72ba9ae17de9804359b84c0c3c69bb9f3ab7020bf47f59a53",
                "sha256:966575da339c004c2410b4a92a6b7639659a6e90f45849dafa839e9dd2177c77",
                "sha256:ab94072fb0b00ee0108acd938c9444b828bd9dd0afbb54059293c1e5e61f2a76",
                "sha256:cccd691fa9eadb378ec2baf6bce6427640a629426a4dcd56d66b849a09c49949",
                "sha256:e475ed5cadd550aef36b10a74613fa797e8141cd7360af71507ed29eaaf20b0b",
                "sha256:fa4b8f9538a2b52081edee7f972f6644f02149ae7d1ea9c3a7d55df9c1cc182f",
                "sha256:fae7cd90da87effda72ec2ca85df67f6dc91e58c0dfb6244db4c4d32d1a43fb7"
            ],
            "markers": "python_version >= '3.5' and python_version < '4'",
            "version": "==0.9.3"
        },
        "glooey": {
            "hashes": [
                "sha256:ad4574428ec2bfb3c1e18f0eee1c927c3d4f95a3f4fec57dc8dd069cda33aa61",
                "sha256:c025aca6c0e8d73f99793cb7b15aa547195da5499a11384379f2d3446f864520"
            ],
            "index": "pypi",
            "version": "==0.3.6"
        },
        "more-itertools": {
            "hashes": [
                "sha256:43e6dd9942dffd72661a2c4ef383ad7da1e6a3e968a927ad7a6083ab410a688b",
                "sha256:7dc6ad46f05f545f900dd59e8dfb4e84a4827b97b3cfecb175ea0c7d247f6064"
            ],
            "markers": "python_version >= '3.5'",
            "version": "==8.12.0"
        },
        "numpy": {
            "hashes": [
                "sha256:03ae5850619abb34a879d5f2d4bb4dcd025d6d8fb72f5e461dae84edccfe129f",
                "sha256:076aee5a3763d41da6bef9565fdf3cb987606f567cd8b104aded2b38b7b47abf",
                "sha256:0b536b6840e84c1c6a410f3a5aa727821e6108f3454d81a5cd5900999ef04f89",
                "sha256:15efb7b93806d438e3bc590ca8ef2f953b0ce4f86f337ef4559d31ec6cf9d7dd",
                "sha256:168259b1b184aa83a514f307352c25c56af111c269ffc109d9704e81f72e764b",
                "sha256:2638389562bda1635b564490d76713695ff497242a83d9b684d27bb4a6cc9d7a",
                "sha256:3556c5550de40027d3121ebbb170f61bbe19eb639c7ad0c7b482cd9b560cd23b",
                "sha256:4a176959b6e7e00b5a0d6f549a479f869829bfd8150282c590deee6d099bbb6e",
                "sha256:515a8b6edbb904594685da6e176ac9fbea8f73a5ebae947281de6613e27f1956",
                "sha256:55535c7c2f61e2b2fc817c5cbe1af7cb907c7f011e46ae0a52caa4be1f19afe2",
                "sha256:59153979d60f5bfe9e4c00e401e24dfe0469ef8da6d68247439d3278f30a180f",
                "sha256:60cb8e5933193a3cc2912ee29ca331e9c15b2da034f76159b7abc520b3d1233a",
                "sha256:6767ad399e9327bfdbaa40871be4254d1995f4a3ca3806127f10cec778bd9896",
                "sha256:76a4f9bce0278becc2da7da3b8ef854bed41a991f4226911a24a9711baad672c",
                "sha256:8cf33634b60c9cef346663a222d9841d3bbbc0a2f00221d6bcfd0d993d5543f6",
                "sha256:94dd11d9f13ea1be17bac39c1942f527cbf7065f94953cf62dfe805653da2f8f",
                "sha256:aafa46b5a39a27aca566198d3312fb3bde95ce9677085efd02c86f7ef6be4ec7",
                "sha256:badca914580eb46385e7f7e4e426fea6de0a37b9e06bec252e481ae7ec287082",
                "sha256:d76a26c5118c4d96e264acc9e3242d72e1a2b92e739807b3b69d8d47684b6677"
            ],
            "index": "pypi",
            "version": "==1.22.2"
        },
        "perlin-noise": {
            "hashes": [
                "sha256:01ec42d9f2bc338ae52edbb069b375fb83fec51784e17479366ced1f7063957c",
                "sha256:7c65b6671ce06d93cf467e2b59041878e3d5dc40208a8c089de581d3f9d47701"
            ],
            "index": "pypi",
            "version": "==1.12"
        },
        "pyfastnoisesimd": {
            "hashes": [
                "sha256:08127f0a26eabb8b4f9a896df171cfc85436b9c10e6311bd7a2463a9f572dd53",
                "sha256:141303f25416eaaeadda9891850c45f785c85abba555b9c2dd474e9d61223cbc",
                "sha256:1d760dafd94380de4e8a49216f80126f3443c00d13e8038ec02e8d613c7621bd",
                "sha256:271281c321d0d86e7e40aa521d35ec7d98760fb616bdbb050f783a8d70b51f2c",
                "sha256:2d4ec51e9d4f71f8b34397a32c7cd4170e5f3a19b161649c1e22929ff66e3c40",
                "sha256:2d6d752f8b7eb51967a10362dfb9abb0733425f73135e0c7de99f260e907025e",
                "sha256:48a45496dab8efdd9b11bcb22741f21bd02de1d5bc266f9acef016e36a90b71c",
                "sha256:4ba2827a99e9db4c382f1541e603a7526b736c62755ecf7cd8f490afa5c1016d",
                "sha256:57fdce8b7a58ecc793a9edfe76a352704ab73d1023dce593f425bce0c91e0bb1",
                "sha256:67e682101e6a23d872cf948231ad1f7568a093b40b3e7dd603ac5759e7f08702",
                "sha256:6dab9f91e63353f481072f105b70662cde5243fba0597147d30afe1e1813a687",
                "sha256:7415175547f9adf1d09416b2bf691847c144304d9407e6c170e9ebec27b46de9",
                "sha256:7d15373b5a7fd57d8a0968b3f9de0e323a86bdd940746746453dbfd45d6b31b2",
                "sha256:91b76c0fa5e5fad7cf7720be52d10b4900d1890150cc9aa9c2307059bf1948af",
                "sha256:9e2cb5d841d77fa78e123fa6839d5979654735b4ad71a5790b874e0a9963559f",
                "sha256:a7949318e50ddd347247cba8535b2b16ee48e75f38affcb336d4e352c35b4b8a",
                "sha256:aab3f0562e8cd40a81e5a8cc3d8e5194ac036931abb2d30cd2eec81f433d68c4",
                "sha256:af2c33e2805fbd37c0b2fd993fb4d093ec964e1d26f0f0ed7b809147c0c7c42f",
                "sha256:bbabe06a180c7b07880edb20fe6257a4c3a03207cca453d5a473ba37fa512ab6",
                "sha256:c0b7de76dcb57bc0afa5fda61af06d740ee885d274998835105dc89d4fdd2f61",
                "sha256:c7ffd9cc03a4f8112e82c020524ef21fce94d9d202ba11801962c0a08bc22e6e",
                "sha256:c93c9fd987bc84c4179acc78543561ed76baf581040abf06b61d4c3f44ebc3b6",
                "sha256:d4b6945fa65e78da56bd5050c9ccb802c05961e1352808a011e5a21979ff4706",
                "sha256:d825f2d24b300ffbb0b0557f0a5d9ad6ee996f050830d3a1fcb2e305a09f886a",
                "sha256:d8540ed0ae93d4cf973b0d2fca04e17c36553ca22a9e419bc8f95b00f8017f0a",
                "sha256:ee5d384795fe7fec3954dc591d25be4fcccdc05eda66957ee121ce76a62286ee",
                "sha256:ef79249368309697b8662b14cffa6bc94669a9e7f0bd827d758acd17d48e00b1",
                "sha256:f8e61fffd5000924d736af04a4075bbf75adb1807d4bfabd920a1b1af824e2c4",
                "sha256:fc67fef0f521f08540ace77828fcbea7f46275d1b4e9d644daf67094d5dfd98f"
            ],
            "index": "pypi",
            "version": "==0.4.2"
        },
        "pyglet": {
            "hashes": [
                "sha256:11f11ddda4ee456284f2ddd1fe5c62fe29ba8c42074d3d9ae52d094abc2e1b7c",
                "sha256:5aaaddb06dc4b6f9ba08254d8d806a2bd2406925a9caf3a51fdffbd5d09728e2"
            ],
            "index": "pypi",
            "version": "==1.5.21"
        },
        "pyyaml": {
            "hashes": [
                "sha256:0283c35a6a9fbf047493e3a0ce8d79ef5030852c51e9d911a27badfde0605293",
                "sha256:055d937d65826939cb044fc8c9b08889e8c743fdc6a32b33e2390f66013e449b",
                "sha256:07751360502caac1c067a8132d150cf3d61339af5691fe9e87803040dbc5db57",
                "sha256:0b4624f379dab24d3725ffde76559cff63d9ec94e1736b556dacdfebe5ab6d4b",
                "sha256:0ce82d761c532fe4ec3f87fc45688bdd3a4c1dc5e0b4a19814b9009a29baefd4",
                "sha256:1e4747bc279b4f613a09eb64bba2ba602d8a6664c6ce6396a4d0cd413a50ce07",
                "sha256:213c60cd50106436cc818accf5baa1aba61c0189ff610f64f4a3e8c6726218ba",
                "sha256:231710d57adfd809ef5d34183b8ed1eeae3f76459c18fb4a0b373ad56bedcdd9",
                "sha256:277a0ef2981ca40581a47093e9e2d13b3f1fbbeffae064c1d21bfceba2030287",
                "sha256:2cd5df3de48857ed0544b34e2d40e9fac445930039f3cfe4bcc592a1f836d513",
                "sha256:40527857252b61eacd1d9af500c3337ba8deb8fc298940291486c465c8b46ec0",
                "sha256:473f9edb243cb1935ab5a084eb238d842fb8f404ed2193a915d1784b5a6b5fc0",
                "sha256:48c346915c114f5fdb3ead70312bd042a953a8ce5c7106d5bfb1a5254e47da92",
                "sha256:50602afada6d6cbfad699b0c7bb50d5ccffa7e46a3d738092afddc1f9758427f",
                "sha256:68fb519c14306fec9720a2a5b45bc9f0c8d1b9c72adf45c37baedfcd949c35a2",
                "sha256:77f396e6ef4c73fdc33a9157446466f1cff553d979bd00ecb64385760c6babdc",
                "sha256:819b3830a1543db06c4d4b865e70ded25be52a2e0631ccd2f6a47a2822f2fd7c",
                "sha256:897b80890765f037df3403d22bab41627ca8811ae55e9a722fd0392850ec4d86",
                "sha256:98c4d36e99714e55cfbaaee6dd5badbc9a1ec339ebfc3b1f52e293aee6bb71a4",
                "sha256:9df7ed3b3d2e0ecfe09e14741b857df43adb5a3ddadc919a2d94fbdf78fea53c",
                "sha256:9fa600030013c4de8165339db93d182b9431076eb98eb40ee068700c9c813e34",
                "sha256:a80a78046a72361de73f8f395f1f1e49f956c6be882eed58505a15f3e430962b",
                "sha256:b3d267842bf12586ba6c734f89d1f5b871df0273157918b0ccefa29deb05c21c",
                "sha256:b5b9eccad747aabaaffbc6064800670f0c297e52c12754eb1d976c57e4f74dcb",
                "sha256:c5687b8d43cf58545ade1fe3e055f70eac7a5a1a0bf42824308d868289a95737",
                "sha256:cba8c411ef271aa037d7357a2bc8f9ee8b58b9965831d9e51baf703280dc73d3",
                "sha256:d15a181d1ecd0d4270dc32edb46f7cb7733c7c508857278d3d378d14d606db2d",
                "sha256:d4db7c7aef085872ef65a8fd7d6d09a14ae91f691dec3e87ee5ee0539d516f53",
                "sha256:d4eccecf9adf6fbcc6861a38015c2a64f38b9d94838ac1810a9023a0609e1b78",
                "sha256:d67d839ede4ed1b28a4e8909735fc992a923cdb84e618544973d7dfc71540803",
                "sha256:daf496c58a8c52083df09b80c860005194014c3698698d1a57cbcfa182142a3a",
                "sha256:e61ceaab6f49fb8bdfaa0f92c4b57bcfbea54c09277b1b4f7ac376bfb7a7c174",
                "sha256:f84fbc98b019fef2ee9a1cb3ce93e3187a6df0b2538a651bfb890254ba9f90b5"
            ],
            "markers": "python_version >= '3.6'",
            "version": "==6.0"
        },
        "signature-dispatch": {
            "hashes": [
                "sha256:0cabd9f5a846be7545cb6d1e6801aff253cb87e85729509a33f20d074190a68b",
                "sha256:fe06861b49f9b9014a977fc1d940181582cd4a7437f13a83473e65c588f3397f"
            ],
            "markers": "python_version ~= '3.6'",
            "version": "==1.0.0"
        },
        "typeguard": {
            "hashes": [
                "sha256:00edaa8da3a133674796cf5ea87d9f4b4c367d77476e185e80251cc13dfbb8c4",
                "sha256:5e3e3be01e887e7eafae5af63d1f36c849aaa94e3a0112097312aabfa16284f1"
            ],
            "markers": "python_full_version >= '3.5.3'",
            "version": "==2.13.3"
        },
        "vecrec": {
            "hashes": [
                "sha256:96ff0f833f5ab548f08e720b99998d3a86ac8ce4ba50ae9aa35936d3338cf97f",
                "sha256:9d4725d304e6c696c84f1503c47d0c1a5a957f25cdaa8c8724d8d739c11136a2"
            ],
            "version": "==0.3.1"
        }
    },
    "develop": {
        "autopep8": {
            "hashes": [
                "sha256:44f0932855039d2c15c4510d6df665e4730f2b8582704fa48f9c55bd3e17d979",
                "sha256:ed77137193bbac52d029a52c59bec1b0629b5a186c495f1eb21b126ac466083f"
            ],
            "index": "pypi",
            "version": "==1.6.0"
        },
        "pycodestyle": {
            "hashes": [
                "sha256:720f8b39dde8b293825e7ff02c475f3077124006db4f440dcbc9a20b76548a20",
                "sha256:eddd5847ef438ea1c7870ca7eb78a9d47ce0cdb4851a5523949f2601d0cbbe7f"
            ],
            "markers": "python_version >= '2.7' and python_version not in '3.0, 3.1, 3.2, 3.3, 3.4'",
            "version": "==2.8.0"
        },
        "toml": {
            "hashes": [
                "sha256:806143ae5bfb6a3c6e736a764057db0e6a0e05e338b5630894a5f779cabb4f9b",
                "sha256:b3bda1d108d5dd99f4a20d24d9c348e91c4db7ab1b749200bded2f839ccbe68f"
            ],
            "markers": "python_version >= '2.6' and python_version not in '3.0, 3.1, 3.2, 3.3'",
            "version": "==0.10.2"
        }
    }
}
